
Microsoft Visual Studio Solution File, Format Version 12.00
# Visual Studio Version 17
VisualStudioVersion = 17.5.002.0
MinimumVisualStudioVersion = 10.0.40219.1
Project("{9A19103F-16F7-4668-BE54-9A1E7A4F7556}") = "dz2_3", "dz2_3.csproj", "{568C1C68-7D1C-4D0E-9494-D17702439D57}"
EndProject
Global
	GlobalSection(SolutionConfigurationPlatforms) = preSolution
		Debug|Any CPU = Debug|Any CPU
		Release|Any CPU = Release|Any CPU
	EndGlobalSection
	GlobalSection(ProjectConfigurationPlatforms) = postSolution
		{568C1C68-7D1C-4D0E-9494-D17702439D57}.Debug|Any CPU.ActiveCfg = Debug|Any CPU
		{568C1C68-7D1C-4D0E-9494-D17702439D57}.Debug|Any CPU.Build.0 = Debug|Any CPU
		{568C1C68-7D1C-4D0E-9494-D17702439D57}.Release|Any CPU.ActiveCfg = Release|Any CPU
		{568C1C68-7D1C-4D0E-9494-D17702439D57}.Release|Any CPU.Build.0 = Release|Any CPU
	EndGlobalSection
	GlobalSection(SolutionProperties) = preSolution
		HideSolutionNode = FALSE
	EndGlobalSection
	GlobalSection(ExtensibilityGlobals) = postSolution
		SolutionGuid = {FEEC0911-E202-48B3-AA7F-B44EA0186EB9}
	EndGlobalSection
EndGlobal
